{
  "version": "5",
  "redirects": {
    "https://esm.sh/base64-js@^1.3.1?target=denonext": "https://esm.sh/base64-js@1.5.1?target=denonext",
    "https://esm.sh/ieee754@^1.2.1?target=denonext": "https://esm.sh/ieee754@1.2.1?target=denonext",
    "https://esm.sh/immutable@^5.0.2?external=node:buffer,node:process&target=denonext": "https://esm.sh/immutable@5.1.3?external=node:buffer,node:process&target=denonext"
  },
  "remote": {
    "https://esm.sh/base64-js@1.5.1/denonext/base64-js.mjs": "5dbae8a1d8f5789da21736786f9921727523b5ccc64cbcf9f831331c381957dc",
    "https://esm.sh/base64-js@1.5.1?target=denonext": "7c2f775b41bd5df47fedaa143e6619625c9d81f34302d6aa030e20d9a7240633",
    "https://esm.sh/buffer@6.0.3": "e76f8ec40c8378ed2f2350d25004882fd8b99a1f5f4d2b2c900cadbf8b416745",
    "https://esm.sh/buffer@6.0.3/denonext/buffer.mjs": "3e61ff01aa3607f5b319d9046b5b3f49668313c398fd9896b80e73dafc42adeb",
    "https://esm.sh/ieee754@1.2.1/denonext/ieee754.mjs": "6e87635f6124ae21ea355a521f021a04afc277248bd5097dc85edce4d7017f86",
    "https://esm.sh/ieee754@1.2.1?target=denonext": "b8839b7562d93529fd58ec105fa4230b816e3dd0a2dd35e3d3b07cae2f16ae97",
    "https://esm.sh/immutable@5.1.3/X-ZW5vZGU6YnVmZmVyLG5vZGU6cHJvY2Vzcw/denonext/immutable.mjs": "467a54352e36529d9946e3108017aa09ae7abbe3335d2e7fc75d194692edb335",
    "https://esm.sh/immutable@5.1.3?external=node:buffer,node:process&target=denonext": "398c59bcd5f69c9840d70d5eb01ddb3bc04a4adf9fe476e6ca25896688b6a5b9",
  }
}
